
Microsoft Visual Studio Solution File, Format Version 12.00
# Visual Studio Version 16
VisualStudioVersion = 16.0.30804.86
MinimumVisualStudioVersion = 10.0.40219.1
Project("{FAE04EC0-301F-11D3-BF4B-00C04F79EFBC}") = "QuanLyPhongLab", "QuanLyPhongLab\QuanLyPhongLab.csproj", "{97F31751-E167-41AB-91B8-AFB53AEAAFD6}"
EndProject
Global
	GlobalSection(SolutionConfigurationPlatforms) = preSolution
		Debug|Any CPU = Debug|Any CPU
		Release|Any CPU = Release|Any CPU
	EndGlobalSection
	GlobalSection(ProjectConfigurationPlatforms) = postSolution
		{97F31751-E167-41AB-91B8-AFB53AEAAFD6}.Debug|Any CPU.ActiveCfg = Debug|Any CPU
		{97F31751-E167-41AB-91B8-AFB53AEAAFD6}.Debug|Any CPU.Build.0 = Debug|Any CPU
		{97F31751-E167-41AB-91B8-AFB53AEAAFD6}.Release|Any CPU.ActiveCfg = Release|Any CPU
		{97F31751-E167-41AB-91B8-AFB53AEAAFD6}.Release|Any CPU.Build.0 = Release|Any CPU
	EndGlobalSection
	GlobalSection(SolutionProperties) = preSolution
		HideSolutionNode = FALSE
	EndGlobalSection
	GlobalSection(ExtensibilityGlobals) = postSolution
		SolutionGuid = {4DFE8569-0540-4285-A641-C84284DC5AE9}
	EndGlobalSection
EndGlobal
